
Microsoft Visual Studio Solution File, Format Version 12.00
# Visual Studio Version 17
VisualStudioVersion = 17.0.32112.339
MinimumVisualStudioVersion = 10.0.40219.1
Project("{FAE04EC0-301F-11D3-BF4B-00C04F79EFBC}") = "Snake", "Snake\Snake.csproj", "{70CA6AB4-F70A-4545-A22F-B01E4AC36B95}"
EndProject
Global
	GlobalSection(SolutionConfigurationPlatforms) = preSolution
		Debug|Any CPU = Debug|Any CPU
		Release|Any CPU = Release|Any CPU
	EndGlobalSection
	GlobalSection(ProjectConfigurationPlatforms) = postSolution
		{70CA6AB4-F70A-4545-A22F-B01E4AC36B95}.Debug|Any CPU.ActiveCfg = Debug|Any CPU
		{70CA6AB4-F70A-4545-A22F-B01E4AC36B95}.Debug|Any CPU.Build.0 = Debug|Any CPU
		{70CA6AB4-F70A-4545-A22F-B01E4AC36B95}.Release|Any CPU.ActiveCfg = Release|Any CPU
		{70CA6AB4-F70A-4545-A22F-B01E4AC36B95}.Release|Any CPU.Build.0 = Release|Any CPU
	EndGlobalSection
	GlobalSection(SolutionProperties) = preSolution
		HideSolutionNode = FALSE
	EndGlobalSection
	GlobalSection(ExtensibilityGlobals) = postSolution
		SolutionGuid = {A6219315-AF38-4FE6-B280-D1E203CA1EBA}
	EndGlobalSection
EndGlobal
